
Microsoft Visual Studio Solution File, Format Version 12.00
# Visual Studio Version 16
VisualStudioVersion = 16.0.29613.14
MinimumVisualStudioVersion = 10.0.40219.1
Project("{FAE04EC0-301F-11D3-BF4B-00C04F79EFBC}") = "Ticketer", "Ticketer\Ticketer.csproj", "{52F26BAA-FCFF-4EEF-8B48-6CF1A1CC7E02}"
EndProject
Global
	GlobalSection(SolutionConfigurationPlatforms) = preSolution
		Debug|Any CPU = Debug|Any CPU
		Debug|x64 = Debug|x64
		Release|Any CPU = Release|Any CPU
		Release|x64 = Release|x64
	EndGlobalSection
	GlobalSection(ProjectConfigurationPlatforms) = postSolution
		{52F26BAA-FCFF-4EEF-8B48-6CF1A1CC7E02}.Debug|Any CPU.ActiveCfg = Debug|Any CPU
		{52F26BAA-FCFF-4EEF-8B48-6CF1A1CC7E02}.Debug|Any CPU.Build.0 = Debug|Any CPU
		{52F26BAA-FCFF-4EEF-8B48-6CF1A1CC7E02}.Debug|x64.ActiveCfg = Debug|x64
		{52F26BAA-FCFF-4EEF-8B48-6CF1A1CC7E02}.Debug|x64.Build.0 = Debug|x64
		{52F26BAA-FCFF-4EEF-8B48-6CF1A1CC7E02}.Release|Any CPU.ActiveCfg = Release|Any CPU
		{52F26BAA-FCFF-4EEF-8B48-6CF1A1CC7E02}.Release|Any CPU.Build.0 = Release|Any CPU
		{52F26BAA-FCFF-4EEF-8B48-6CF1A1CC7E02}.Release|x64.ActiveCfg = Release|x64
		{52F26BAA-FCFF-4EEF-8B48-6CF1A1CC7E02}.Release|x64.Build.0 = Release|x64
	EndGlobalSection
	GlobalSection(SolutionProperties) = preSolution
		HideSolutionNode = FALSE
	EndGlobalSection
	GlobalSection(ExtensibilityGlobals) = postSolution
		SolutionGuid = {6BA8DB38-FFD7-43BE-98AE-C7A0D97368B6}
	EndGlobalSection
EndGlobal
